
Microsoft Visual Studio Solution File, Format Version 12.00
# Visual Studio 2012
Project("{FAE04EC0-301F-11D3-BF4B-00C04F79EFBC}") = "WebApplication4", "WebApplication4\WebApplication4.csproj", "{DA5FE865-B9A9-48B5-9A98-1D50FC94C39A}"
EndProject
Global
	GlobalSection(SolutionConfigurationPlatforms) = preSolution
		Debug|Any CPU = Debug|Any CPU
		Release|Any CPU = Release|Any CPU
	EndGlobalSection
	GlobalSection(ProjectConfigurationPlatforms) = postSolution
		{DA5FE865-B9A9-48B5-9A98-1D50FC94C39A}.Debug|Any CPU.ActiveCfg = Debug|Any CPU
		{DA5FE865-B9A9-48B5-9A98-1D50FC94C39A}.Debug|Any CPU.Build.0 = Debug|Any CPU
		{DA5FE865-B9A9-48B5-9A98-1D50FC94C39A}.Release|Any CPU.ActiveCfg = Release|Any CPU
		{DA5FE865-B9A9-48B5-9A98-1D50FC94C39A}.Release|Any CPU.Build.0 = Release|Any CPU
	EndGlobalSection
	GlobalSection(SolutionProperties) = preSolution
		HideSolutionNode = FALSE
	EndGlobalSection
	GlobalSection(Performance) = preSolution
		HasPerformanceSessions = true
	EndGlobalSection
EndGlobal
